Microsoft Visual Studio Solution File, Format Version 12.00
# Visual Studio Version 17
VisualStudioVersion = 17.0.31919.166
MinimumVisualStudioVersion = 10.0.40219.1
Project("{2150E333-8FDC-42A3-9474-1A3956D46DE8}") = "CSharp", "CSharp", "{B27F2CDF-8E01-4D2C-9A26-972F02A0EFB6}"
EndProject
Project("{2150E333-8FDC-42A3-9474-1A3956D46DE8}") = "Reports", "Reports", "{792589C7-7E2C-4C31-9FB3-A64F85BDF826}"
	ProjectSection(SolutionItems) = preProject
		Testprojects\CSharp\Reports\Cobertura_altcover.xml = Testprojects\CSharp\Reports\Cobertura_altcover.xml
		Testprojects\CSharp\Reports\Cobertura_coverlet.xml = Testprojects\CSharp\Reports\Cobertura_coverlet.xml
		Testprojects\CSharp\Reports\Cobertura_dotnet-coverage.xml = Testprojects\CSharp\Reports\Cobertura_dotnet-coverage.xml
		Testprojects\CSharp\Reports\dotCover.xml = Testprojects\CSharp\Reports\dotCover.xml
		Testprojects\CSharp\Reports\DynamicCodeCoverage.xml = Testprojects\CSharp\Reports\DynamicCodeCoverage.xml
		Testprojects\CSharp\Reports\lcov.info = Testprojects\CSharp\Reports\lcov.info
		Testprojects\CSharp\Reports\mprof-report.xml = Testprojects\CSharp\Reports\mprof-report.xml
		Testprojects\CSharp\Reports\MultiDynamicCodeCoverage.xml = Testprojects\CSharp\Reports\MultiDynamicCodeCoverage.xml
		Testprojects\CSharp\Reports\MultiNCover1.5.8.xml = Testprojects\CSharp\Reports\MultiNCover1.5.8.xml
		Testprojects\CSharp\Reports\MultiOpenCover.xml = Testprojects\CSharp\Reports\MultiOpenCover.xml
		Testprojects\CSharp\Reports\MultiPartcover2.2.xml = Testprojects\CSharp\Reports\MultiPartcover2.2.xml
		Testprojects\CSharp\Reports\MultiPartcover2.3.xml = Testprojects\CSharp\Reports\MultiPartcover2.3.xml
		Testprojects\CSharp\Reports\MultiVisualStudio2010.coveragexml = Testprojects\CSharp\Reports\MultiVisualStudio2010.coveragexml
		Testprojects\CSharp\Reports\NCover1.5.8.xml = Testprojects\CSharp\Reports\NCover1.5.8.xml
		Testprojects\CSharp\Reports\OpenCover.xml = Testprojects\CSharp\Reports\OpenCover.xml
		Testprojects\CSharp\Reports\OpenCoverWithEmbeddedSource.xml = Testprojects\CSharp\Reports\OpenCoverWithEmbeddedSource.xml
		Testprojects\CSharp\Reports\OpenCoverWithTrackedMethods.xml = Testprojects\CSharp\Reports\OpenCoverWithTrackedMethods.xml
		Testprojects\CSharp\Reports\OpenCover_altcover.xml = Testprojects\CSharp\Reports\OpenCover_altcover.xml
		Testprojects\CSharp\Reports\OpenCover_coverlet.xml = Testprojects\CSharp\Reports\OpenCover_coverlet.xml
		Testprojects\CSharp\Reports\Partcover2.2.xml = Testprojects\CSharp\Reports\Partcover2.2.xml
		Testprojects\CSharp\Reports\Partcover2.3.0.35109.xml = Testprojects\CSharp\Reports\Partcover2.3.0.35109.xml
		Testprojects\CSharp\Reports\Partcover2.3.xml = Testprojects\CSharp\Reports\Partcover2.3.xml
		Testprojects\CSharp\Reports\Partcover4.0.10620.xml = Testprojects\CSharp\Reports\Partcover4.0.10620.xml
		Testprojects\CSharp\Reports\VisualStudio2010.coveragexml = Testprojects\CSharp\Reports\VisualStudio2010.coveragexml
		Testprojects\CSharp\Reports\VisualStudio2012.coveragexml = Testprojects\CSharp\Reports\VisualStudio2012.coveragexml
		Testprojects\CSharp\Reports\VisualStudio2013.coveragexml = Testprojects\CSharp\Reports\VisualStudio2013.coveragexml
		Testprojects\CSharp\Reports\VisualStudio2022.coveragexml = Testprojects\CSharp\Reports\VisualStudio2022.coveragexml
	EndProjectSection
EndProject
Project("{2150E333-8FDC-42A3-9474-1A3956D46DE8}") = "FSharp", "FSharp", "{9223804A-D678-4EE8-BD89-19A6114DB86F}"
EndProject
Project("{2150E333-8FDC-42A3-9474-1A3956D46DE8}") = "Reports", "Reports", "{8775E975-19C9-4F40-869B-04A8488AECC3}"
	ProjectSection(SolutionItems) = preProject
		Testprojects\FSharp\Reports\dotCover.xml = Testprojects\FSharp\Reports\dotCover.xml
		Testprojects\FSharp\Reports\DynamicCodeCoverage.xml = Testprojects\FSharp\Reports\DynamicCodeCoverage.xml
		Testprojects\CSharp\Reports\MultidotCover.xml = Testprojects\CSharp\Reports\MultidotCover.xml
		Testprojects\FSharp\Reports\OpenCover.xml = Testprojects\FSharp\Reports\OpenCover.xml
		Testprojects\FSharp\Reports\VisualStudio2010.coveragexml = Testprojects\FSharp\Reports\VisualStudio2010.coveragexml
		Testprojects\FSharp\Reports\VisualStudio2013.coveragexml = Testprojects\FSharp\Reports\VisualStudio2013.coveragexml
		Testprojects\CSharp\Reports\VisualStudio2022.coveragexml = Testprojects\CSharp\Reports\VisualStudio2022.coveragexml
	EndProjectSection
EndProject
Project("{2150E333-8FDC-42A3-9474-1A3956D46DE8}") = "Java", "Java", "{89813866-CE17-47E5-BCA3-4740F8624BA5}"
EndProject
Project("{2150E333-8FDC-42A3-9474-1A3956D46DE8}") = "Project", "Project", "{F02BAC2E-AD05-4AE9-B37B-A6B7CA732FBA}"
EndProject
Project("{2150E333-8FDC-42A3-9474-1A3956D46DE8}") = "Reports", "Reports", "{654FDEDF-31DE-47E4-A02E-F42DB1ACC722}"
	ProjectSection(SolutionItems) = preProject
		Testprojects\Java\Reports\Clover_OpenClover4.3.1.xml = Testprojects\Java\Reports\Clover_OpenClover4.3.1.xml
		Testprojects\Java\Reports\Cobertura2.1.1.xml = Testprojects\Java\Reports\Cobertura2.1.1.xml
		Testprojects\Java\Reports\JaCoCo0.7.7.xml = Testprojects\Java\Reports\JaCoCo0.7.7.xml
		Testprojects\Java\Reports\JaCoCo0.8.3.xml = Testprojects\Java\Reports\JaCoCo0.8.3.xml
	EndProjectSection
EndProject
Project("{2150E333-8FDC-42A3-9474-1A3956D46DE8}") = "test", "test", "{1749EF69-D43F-4874-8290-8134B80D65E5}"
	ProjectSection(SolutionItems) = preProject
		Testprojects\Java\Project\test\AbstractClass.java = Testprojects\Java\Project\test\AbstractClass.java
		Testprojects\Java\Project\test\AbstractClass_SampleImpl1.java = Testprojects\Java\Project\test\AbstractClass_SampleImpl1.java
		Testprojects\Java\Project\test\AbstractClass_SampleImpl2.java = Testprojects\Java\Project\test\AbstractClass_SampleImpl2.java
		Testprojects\Java\Project\test\GenericClass.java = Testprojects\Java\Project\test\GenericClass.java
		Testprojects\Java\Project\test\Program.java = Testprojects\Java\Project\test\Program.java
		Testprojects\Java\Project\test\TestClass.java = Testprojects\Java\Project\test\TestClass.java
	EndProjectSection
EndProject
Project("{2150E333-8FDC-42A3-9474-1A3956D46DE8}") = "sub", "sub", "{2EE13C01-7211-44B6-81A7-7D02DD7C1B3F}"
	ProjectSection(SolutionItems) = preProject
		Testprojects\Java\Project\test\sub\Sub.java = Testprojects\Java\Project\test\sub\Sub.java
	EndProjectSection
EndProject
Project("{9A19103F-16F7-4668-BE54-9A1E7A4F7556}") = "ReportGenerator.Core", "ReportGenerator.Core\ReportGenerator.Core.csproj", "{8DBCF22A-18A3-4A50-899D-8AF6ED9975D0}"
EndProject
Project("{9A19103F-16F7-4668-BE54-9A1E7A4F7556}") = "ReportGenerator.Core.Test", "ReportGenerator.Core.Test\ReportGenerator.Core.Test.csproj", "{C65D4ED2-5C0C-4ECA-A8FD-DF9C25297F9D}"
EndProject
Project("{9A19103F-16F7-4668-BE54-9A1E7A4F7556}") = "ReportGenerator.Console.NetCore", "ReportGenerator.Console.NetCore\ReportGenerator.Console.NetCore.csproj", "{C6110743-B7C9-4D1D-B210-3601E5A380F4}"
EndProject
Project("{9A19103F-16F7-4668-BE54-9A1E7A4F7556}") = "ReportGenerator.Console.Net", "ReportGenerator.Console\ReportGenerator.Console.Net.csproj", "{19A59768-9410-440D-A857-A1B5D44787B8}"
EndProject
Project("{9A19103F-16F7-4668-BE54-9A1E7A4F7556}") = "ReportGenerator.DotnetGlobalTool", "ReportGenerator.DotnetGlobalTool\ReportGenerator.DotnetGlobalTool.csproj", "{B697EF09-935C-482A-89BB-78D9E8BBB387}"
EndProject
Project("{9A19103F-16F7-4668-BE54-9A1E7A4F7556}") = "ReportGenerator.DotnetCorePluginLoader", "ReportGenerator.DotnetCorePluginLoader\ReportGenerator.DotnetCorePluginLoader.csproj", "{E3CA3149-7810-4E0C-9CF8-97E39DFDD5AF}"
EndProject
Project("{2150E333-8FDC-42A3-9474-1A3956D46DE8}") = "Other", "Other", "{0974779A-F37F-41B1-895B-DF1C98781D52}"
	ProjectSection(SolutionItems) = preProject
		Testprojects\Other\Clover_Groovy.xml = Testprojects\Other\Clover_Groovy.xml
		Testprojects\Other\Clover_Istanbul.xml = Testprojects\Other\Clover_Istanbul.xml
		Testprojects\Other\Cobertura_Istanbul.xml = Testprojects\Other\Cobertura_Istanbul.xml
	EndProjectSection
EndProject
Project("{9A19103F-16F7-4668-BE54-9A1E7A4F7556}") = "ReportGenerator.MSBuild", "ReportGenerator.MSBuild\ReportGenerator.MSBuild.csproj", "{E0AC1EE8-82A3-41EE-BD42-44659CDBD333}"
EndProject
Project("{2150E333-8FDC-42A3-9474-1A3956D46DE8}") = "C++", "C++", "{A839B41D-2D86-4249-A429-4999F12ACB17}"
EndProject
Project("{2150E333-8FDC-42A3-9474-1A3956D46DE8}") = "Project", "Project", "{BE7ECDD1-2395-45D2-A888-B10B0E8454D8}"
	ProjectSection(SolutionItems) = preProject
		Testprojects\C++\Projects\build.sh = Testprojects\C++\Projects\build.sh
		Testprojects\C++\Projects\main.cpp = Testprojects\C++\Projects\main.cpp
	EndProjectSection
EndProject
Project("{2150E333-8FDC-42A3-9474-1A3956D46DE8}") = "Reports", "Reports", "{1368829B-AD9B-4EB4-B2CA-0B8E3F081B27}"
	ProjectSection(SolutionItems) = preProject
		Testprojects\C++\Reports\Cobertura_CPPCoverage.xml = Testprojects\C++\Reports\Cobertura_CPPCoverage.xml
		Testprojects\C++\Reports\lcov.info = Testprojects\C++\Reports\lcov.info
	EndProjectSection
EndProject
Project("{2150E333-8FDC-42A3-9474-1A3956D46DE8}") = "sub", "sub", "{2C05E64E-C7E2-4D33-B7B6-14A317ECC35D}"
	ProjectSection(SolutionItems) = preProject
		Testprojects\C++\Projects\sub\calculator.cpp = Testprojects\C++\Projects\sub\calculator.cpp
	EndProjectSection
EndProject
Project("{2150E333-8FDC-42A3-9474-1A3956D46DE8}") = "gcov", "gcov", "{0AB95F76-AA76-40B2-81E9-AE42550BDB26}"
EndProject
Project("{2150E333-8FDC-42A3-9474-1A3956D46DE8}") = "basic", "basic", "{44E0824E-6846-4E9B-B27E-8A26A004EBA2}"
	ProjectSection(SolutionItems) = preProject
		Testprojects\C++\Reports\gcov\basic\calculator.cpp.gcov = Testprojects\C++\Reports\gcov\basic\calculator.cpp.gcov
		Testprojects\C++\Reports\gcov\basic\main.cpp.gcov = Testprojects\C++\Reports\gcov\basic\main.cpp.gcov
	EndProjectSection
EndProject
Project("{2150E333-8FDC-42A3-9474-1A3956D46DE8}") = "branch_counts", "branch_counts", "{DF7C180A-CE3E-41CE-B088-5345779C548B}"
	ProjectSection(SolutionItems) = preProject
		Testprojects\C++\Reports\gcov\branch_counts\calculator.cpp.gcov = Testprojects\C++\Reports\gcov\branch_counts\calculator.cpp.gcov
		Testprojects\C++\Reports\gcov\branch_counts\main.cpp.gcov = Testprojects\C++\Reports\gcov\branch_counts\main.cpp.gcov
	EndProjectSection
EndProject
Project("{2150E333-8FDC-42A3-9474-1A3956D46DE8}") = "branch_probabilities", "branch_probabilities", "{9EE7E19D-250E-48A9-A9B9-455B5534D91C}"
	ProjectSection(SolutionItems) = preProject
		Testprojects\C++\Reports\gcov\branch_probabilities\calculator.cpp.gcov = Testprojects\C++\Reports\gcov\branch_probabilities\calculator.cpp.gcov
		Testprojects\C++\Reports\gcov\branch_probabilities\main.cpp.gcov = Testprojects\C++\Reports\gcov\branch_probabilities\main.cpp.gcov
	EndProjectSection
EndProject
Project("{2150E333-8FDC-42A3-9474-1A3956D46DE8}") = "branch_unconditional", "branch_unconditional", "{83869904-851E-487E-8817-9FF24C11E53C}"
	ProjectSection(SolutionItems) = preProject
		Testprojects\C++\Reports\gcov\branch_unconditional\calculator.cpp.gcov = Testprojects\C++\Reports\gcov\branch_unconditional\calculator.cpp.gcov
		Testprojects\C++\Reports\gcov\branch_unconditional\main.cpp.gcov = Testprojects\C++\Reports\gcov\branch_unconditional\main.cpp.gcov
	EndProjectSection
EndProject
Project("{2150E333-8FDC-42A3-9474-1A3956D46DE8}") = "Solution Items", "Solution Items", "{607A9F9B-7583-41D9-8CF6-7812E35FA0B5}"
	ProjectSection(SolutionItems) = preProject
		.editorconfig = .editorconfig
	EndProjectSection
EndProject
Global
	GlobalSection(SolutionConfigurationPlatforms) = preSolution
		Debug|Any CPU = Debug|Any CPU
		Release|Any CPU = Release|Any CPU
	EndGlobalSection
	GlobalSection(ProjectConfigurationPlatforms) = postSolution
		{8DBCF22A-18A3-4A50-899D-8AF6ED9975D0}.Debug|Any CPU.ActiveCfg = Debug|Any CPU
		{8DBCF22A-18A3-4A50-899D-8AF6ED9975D0}.Debug|Any CPU.Build.0 = Debug|Any CPU
		{8DBCF22A-18A3-4A50-899D-8AF6ED9975D0}.Release|Any CPU.ActiveCfg = Release|Any CPU
		{8DBCF22A-18A3-4A50-899D-8AF6ED9975D0}.Release|Any CPU.Build.0 = Release|Any CPU
		{C65D4ED2-5C0C-4ECA-A8FD-DF9C25297F9D}.Debug|Any CPU.ActiveCfg = Debug|Any CPU
		{C65D4ED2-5C0C-4ECA-A8FD-DF9C25297F9D}.Debug|Any CPU.Build.0 = Debug|Any CPU
		{C65D4ED2-5C0C-4ECA-A8FD-DF9C25297F9D}.Release|Any CPU.ActiveCfg = Release|Any CPU
		{C65D4ED2-5C0C-4ECA-A8FD-DF9C25297F9D}.Release|Any CPU.Build.0 = Release|Any CPU
		{C6110743-B7C9-4D1D-B210-3601E5A380F4}.Debug|Any CPU.ActiveCfg = Debug|Any CPU
		{C6110743-B7C9-4D1D-B210-3601E5A380F4}.Debug|Any CPU.Build.0 = Debug|Any CPU
		{C6110743-B7C9-4D1D-B210-3601E5A380F4}.Release|Any CPU.ActiveCfg = Release|Any CPU
		{C6110743-B7C9-4D1D-B210-3601E5A380F4}.Release|Any CPU.Build.0 = Release|Any CPU
		{19A59768-9410-440D-A857-A1B5D44787B8}.Debug|Any CPU.ActiveCfg = Debug|Any CPU
		{19A59768-9410-440D-A857-A1B5D44787B8}.Debug|Any CPU.Build.0 = Debug|Any CPU
		{19A59768-9410-440D-A857-A1B5D44787B8}.Release|Any CPU.ActiveCfg = Release|Any CPU
		{19A59768-9410-440D-A857-A1B5D44787B8}.Release|Any CPU.Build.0 = Release|Any CPU
		{B697EF09-935C-482A-89BB-78D9E8BBB387}.Debug|Any CPU.ActiveCfg = Debug|Any CPU
		{B697EF09-935C-482A-89BB-78D9E8BBB387}.Debug|Any CPU.Build.0 = Debug|Any CPU
		{B697EF09-935C-482A-89BB-78D9E8BBB387}.Release|Any CPU.ActiveCfg = Release|Any CPU
		{B697EF09-935C-482A-89BB-78D9E8BBB387}.Release|Any CPU.Build.0 = Release|Any CPU
		{E3CA3149-7810-4E0C-9CF8-97E39DFDD5AF}.Debug|Any CPU.ActiveCfg = Debug|Any CPU
		{E3CA3149-7810-4E0C-9CF8-97E39DFDD5AF}.Debug|Any CPU.Build.0 = Debug|Any CPU
		{E3CA3149-7810-4E0C-9CF8-97E39DFDD5AF}.Release|Any CPU.ActiveCfg = Release|Any CPU
		{E3CA3149-7810-4E0C-9CF8-97E39DFDD5AF}.Release|Any CPU.Build.0 = Release|Any CPU
		{E0AC1EE8-82A3-41EE-BD42-44659CDBD333}.Debug|Any CPU.ActiveCfg = Debug|Any CPU
		{E0AC1EE8-82A3-41EE-BD42-44659CDBD333}.Debug|Any CPU.Build.0 = Debug|Any CPU
		{E0AC1EE8-82A3-41EE-BD42-44659CDBD333}.Release|Any CPU.ActiveCfg = Release|Any CPU
		{E0AC1EE8-82A3-41EE-BD42-44659CDBD333}.Release|Any CPU.Build.0 = Release|Any CPU
	EndGlobalSection
	GlobalSection(SolutionProperties) = preSolution
		HideSolutionNode = FALSE
	EndGlobalSection
	GlobalSection(NestedProjects) = preSolution
		{792589C7-7E2C-4C31-9FB3-A64F85BDF826} = {B27F2CDF-8E01-4D2C-9A26-972F02A0EFB6}
		{8775E975-19C9-4F40-869B-04A8488AECC3} = {9223804A-D678-4EE8-BD89-19A6114DB86F}
		{F02BAC2E-AD05-4AE9-B37B-A6B7CA732FBA} = {89813866-CE17-47E5-BCA3-4740F8624BA5}
		{654FDEDF-31DE-47E4-A02E-F42DB1ACC722} = {89813866-CE17-47E5-BCA3-4740F8624BA5}
		{1749EF69-D43F-4874-8290-8134B80D65E5} = {F02BAC2E-AD05-4AE9-B37B-A6B7CA732FBA}
		{2EE13C01-7211-44B6-81A7-7D02DD7C1B3F} = {1749EF69-D43F-4874-8290-8134B80D65E5}
		{BE7ECDD1-2395-45D2-A888-B10B0E8454D8} = {A839B41D-2D86-4249-A429-4999F12ACB17}
		{1368829B-AD9B-4EB4-B2CA-0B8E3F081B27} = {A839B41D-2D86-4249-A429-4999F12ACB17}
		{2C05E64E-C7E2-4D33-B7B6-14A317ECC35D} = {BE7ECDD1-2395-45D2-A888-B10B0E8454D8}
		{0AB95F76-AA76-40B2-81E9-AE42550BDB26} = {1368829B-AD9B-4EB4-B2CA-0B8E3F081B27}
		{44E0824E-6846-4E9B-B27E-8A26A004EBA2} = {0AB95F76-AA76-40B2-81E9-AE42550BDB26}
		{DF7C180A-CE3E-41CE-B088-5345779C548B} = {0AB95F76-AA76-40B2-81E9-AE42550BDB26}
		{9EE7E19D-250E-48A9-A9B9-455B5534D91C} = {0AB95F76-AA76-40B2-81E9-AE42550BDB26}
		{83869904-851E-487E-8817-9FF24C11E53C} = {0AB95F76-AA76-40B2-81E9-AE42550BDB26}
	EndGlobalSection
	GlobalSection(ExtensibilityGlobals) = postSolution
		SolutionGuid = {2D015F29-27FC-43DD-91EE-3E5BA880F7D2}
	EndGlobalSection
EndGlobal
